
Microsoft Visual Studio Solution File, Format Version 12.00
# Visual Studio 15
VisualStudioVersion = 15.0.28307.539
MinimumVisualStudioVersion = 10.0.40219.1
Project("{FAE04EC0-301F-11D3-BF4B-00C04F79EFBC}") = "HowManyOfThisType", "HowManyOfThisType\HowManyOfThisType.csproj", "{80D48692-8739-4EB9-BEDE-A6165884F6E3}"
EndProject
Project("{FAE04EC0-301F-11D3-BF4B-00C04F79EFBC}") = "TheyCameBefore", "TheyCameBefore\TheyCameBefore.csproj", "{AF1442AC-F1FE-433B-B320-19BF71FE8535}"
EndProject
Project("{FAE04EC0-301F-11D3-BF4B-00C04F79EFBC}") = "MyGenericClass", "MyGenericClass\MyGenericClass.csproj", "{C84FDAEF-1091-42F9-90E7-DD07A1B6FB34}"
EndProject
Project("{FAE04EC0-301F-11D3-BF4B-00C04F79EFBC}") = "MyEnumerable", "MyEnumerable\MyEnumerable.csproj", "{A3A35CFB-AB3D-4C8A-AD67-89938E4572ED}"
EndProject
Global
	GlobalSection(SolutionConfigurationPlatforms) = preSolution
		Debug|Any CPU = Debug|Any CPU
		Release|Any CPU = Release|Any CPU
	EndGlobalSection
	GlobalSection(ProjectConfigurationPlatforms) = postSolution
		{80D48692-8739-4EB9-BEDE-A6165884F6E3}.Debug|Any CPU.ActiveCfg = Debug|Any CPU
		{80D48692-8739-4EB9-BEDE-A6165884F6E3}.Debug|Any CPU.Build.0 = Debug|Any CPU
		{80D48692-8739-4EB9-BEDE-A6165884F6E3}.Release|Any CPU.ActiveCfg = Release|Any CPU
		{80D48692-8739-4EB9-BEDE-A6165884F6E3}.Release|Any CPU.Build.0 = Release|Any CPU
		{AF1442AC-F1FE-433B-B320-19BF71FE8535}.Debug|Any CPU.ActiveCfg = Debug|Any CPU
		{AF1442AC-F1FE-433B-B320-19BF71FE8535}.Debug|Any CPU.Build.0 = Debug|Any CPU
		{AF1442AC-F1FE-433B-B320-19BF71FE8535}.Release|Any CPU.ActiveCfg = Release|Any CPU
		{AF1442AC-F1FE-433B-B320-19BF71FE8535}.Release|Any CPU.Build.0 = Release|Any CPU
		{C84FDAEF-1091-42F9-90E7-DD07A1B6FB34}.Debug|Any CPU.ActiveCfg = Debug|Any CPU
		{C84FDAEF-1091-42F9-90E7-DD07A1B6FB34}.Debug|Any CPU.Build.0 = Debug|Any CPU
		{C84FDAEF-1091-42F9-90E7-DD07A1B6FB34}.Release|Any CPU.ActiveCfg = Release|Any CPU
		{C84FDAEF-1091-42F9-90E7-DD07A1B6FB34}.Release|Any CPU.Build.0 = Release|Any CPU
		{A3A35CFB-AB3D-4C8A-AD67-89938E4572ED}.Debug|Any CPU.ActiveCfg = Debug|Any CPU
		{A3A35CFB-AB3D-4C8A-AD67-89938E4572ED}.Debug|Any CPU.Build.0 = Debug|Any CPU
		{A3A35CFB-AB3D-4C8A-AD67-89938E4572ED}.Release|Any CPU.ActiveCfg = Release|Any CPU
		{A3A35CFB-AB3D-4C8A-AD67-89938E4572ED}.Release|Any CPU.Build.0 = Release|Any CPU
	EndGlobalSection
	GlobalSection(SolutionProperties) = preSolution
		HideSolutionNode = FALSE
	EndGlobalSection
	GlobalSection(ExtensibilityGlobals) = postSolution
		SolutionGuid = {6C8A6FF3-13B5-4BB3-B636-7CFBDF7CA9B6}
	EndGlobalSection
EndGlobal
